
Microsoft Visual Studio Solution File, Format Version 12.00
# Visual Studio 15
VisualStudioVersion = 15.0.26403.3
MinimumVisualStudioVersion = 10.0.40219.1
Project("{2150E333-8FDC-42A3-9474-1A3956D46DE8}") = "src", "src", "{D849BC54-E14B-4C7E-8CAB-EBF7A9E60E2A}"
EndProject
Project("{2150E333-8FDC-42A3-9474-1A3956D46DE8}") = "Solution Items", "Solution Items", "{35AD327C-2C99-421D-9D6C-A8F0FD1EDD3C}"
EndProject
Project("{9A19103F-16F7-4668-BE54-9A1E7A4F7556}") = "BB.Prototype.Website.Razor.Framework", "src\BB.Prototype.Website.Razor.Framework\BB.Prototype.Website.Razor.Framework.csproj", "{C0DB431C-E04D-405D-A167-983ED034D065}"
EndProject
Global
	GlobalSection(SolutionConfigurationPlatforms) = preSolution
		Debug|Any CPU = Debug|Any CPU
		Release|Any CPU = Release|Any CPU
	EndGlobalSection
	GlobalSection(ProjectConfigurationPlatforms) = postSolution
		{C0DB431C-E04D-405D-A167-983ED034D065}.Debug|Any CPU.ActiveCfg = Debug|Any CPU
		{C0DB431C-E04D-405D-A167-983ED034D065}.Debug|Any CPU.Build.0 = Debug|Any CPU
		{C0DB431C-E04D-405D-A167-983ED034D065}.Release|Any CPU.ActiveCfg = Release|Any CPU
		{C0DB431C-E04D-405D-A167-983ED034D065}.Release|Any CPU.Build.0 = Release|Any CPU
	EndGlobalSection
	GlobalSection(SolutionProperties) = preSolution
		HideSolutionNode = FALSE
	EndGlobalSection
	GlobalSection(NestedProjects) = preSolution
		{C0DB431C-E04D-405D-A167-983ED034D065} = {D849BC54-E14B-4C7E-8CAB-EBF7A9E60E2A}
	EndGlobalSection
EndGlobal
